// !$*UTF8*$!
{
	archiveVersion = 1;
	classes = {
	};
	objectVersion = 55;
	objects = {

/* Begin PBXBuildFile section */
		AB2F54032919C88400AFE834 /* Question.swift in Sources */ = {isa = PBXBuildFile; fileRef = AB2F54022919C88400AFE834 /* Question.swift */; };
		AB2F5405291BBBCF00AFE834 /* QuestionGroupCaretaker.swift in Sources */ = {isa = PBXBuildFile; fileRef = AB2F5404291BBBCF00AFE834 /* QuestionGroupCaretaker.swift */; };
		AB2F5407291BBD0100AFE834 /* QuestionGroup.swift in Sources */ = {isa = PBXBuildFile; fileRef = AB2F5406291BBD0100AFE834 /* QuestionGroup.swift */; };
		AB2F5409291C594F00AFE834 /* Error.swift in Sources */ = {isa = PBXBuildFile; fileRef = AB2F5408291C594F00AFE834 /* Error.swift */; };
		AB2F540B292FF8E100AFE834 /* QuestionGroupCell.swift in Sources */ = {isa = PBXBuildFile; fileRef = AB2F540A292FF8E100AFE834 /* QuestionGroupCell.swift */; };
		AB2F540F2951CDC100AFE834 /* QuestionView.swift in Sources */ = {isa = PBXBuildFile; fileRef = AB2F540E2951CDC100AFE834 /* QuestionView.swift */; };
		AB51A66729B7A6C4000E1C1E /* QuestionViewControllerDelegate.swift in Sources */ = {isa = PBXBuildFile; fileRef = AB51A66629B7A6C4000E1C1E /* QuestionViewControllerDelegate.swift */; };
		AB51A66929B918EC000E1C1E /* ImageRenderer.swift in Sources */ = {isa = PBXBuildFile; fileRef = AB51A66829B918EC000E1C1E /* ImageRenderer.swift */; };
		AB51A66C29BCD3E6000E1C1E /* QuestionStrategy.swift in Sources */ = {isa = PBXBuildFile; fileRef = AB51A66B29BCD3E6000E1C1E /* QuestionStrategy.swift */; };
		AB51A66E29BCE1DC000E1C1E /* SequentialQuestionStrateg.swift in Sources */ = {isa = PBXBuildFile; fileRef = AB51A66D29BCE1DC000E1C1E /* SequentialQuestionStrateg.swift */; };
		AB51A67029BCE520000E1C1E /* RandomQuestionStrategy.swift in Sources */ = {isa = PBXBuildFile; fileRef = AB51A66F29BCE520000E1C1E /* RandomQuestionStrategy.swift */; };
		AB51A67229BE0FCB000E1C1E /* AppSettings.swift in Sources */ = {isa = PBXBuildFile; fileRef = AB51A67129BE0FCB000E1C1E /* AppSettings.swift */; };
		AB51A67529BE6898000E1C1E /* AppSettingsViewController.swift in Sources */ = {isa = PBXBuildFile; fileRef = AB51A67429BE6898000E1C1E /* AppSettingsViewController.swift */; };
		AB51A67729BE6B1D000E1C1E /* UITableViewDataSource+UITableViewDelegate.swift in Sources */ = {isa = PBXBuildFile; fileRef = AB51A67629BE6B1D000E1C1E /* UITableViewDataSource+UITableViewDelegate.swift */; };
		AB51A67929C2178C000E1C1E /* BaseQuestionStrategy.swift in Sources */ = {isa = PBXBuildFile; fileRef = AB51A67829C2178C000E1C1E /* BaseQuestionStrategy.swift */; };
		AB6C6A612976F5DD003BDE89 /* FlipPresentAnimationController.swift in Sources */ = {isa = PBXBuildFile; fileRef = AB6C6A602976F5DD003BDE89 /* FlipPresentAnimationController.swift */; };
		AB6C6A642979A8A7003BDE89 /* AnimationHelper.swift in Sources */ = {isa = PBXBuildFile; fileRef = AB6C6A632979A8A7003BDE89 /* AnimationHelper.swift */; };
		AB6C6A66297FDCF1003BDE89 /* FadePushAnimator.swift in Sources */ = {isa = PBXBuildFile; fileRef = AB6C6A65297FDCF1003BDE89 /* FadePushAnimator.swift */; };
		AB6C6A69299CFDAB003BDE89 /* TableViewDataSource+TableViewDelegate.swift in Sources */ = {isa = PBXBuildFile; fileRef = AB6C6A68299CFDAB003BDE89 /* TableViewDataSource+TableViewDelegate.swift */; };
		AB6C6A6B299E82CE003BDE89 /* UINavigationControllerDelegate.swift in Sources */ = {isa = PBXBuildFile; fileRef = AB6C6A6A299E82CE003BDE89 /* UINavigationControllerDelegate.swift */; };
		ABBC4DEB290B467700453AA5 /* AppDelegate.swift in Sources */ = {isa = PBXBuildFile; fileRef = ABBC4DEA290B467700453AA5 /* AppDelegate.swift */; };
		ABBC4DED290B467700453AA5 /* SceneDelegate.swift in Sources */ = {isa = PBXBuildFile; fileRef = ABBC4DEC290B467700453AA5 /* SceneDelegate.swift */; };
		ABBC4DEF290B467700453AA5 /* ViewController.swift in Sources */ = {isa = PBXBuildFile; fileRef = ABBC4DEE290B467700453AA5 /* ViewController.swift */; };
		ABBC4DF4290B467800453AA5 /* Assets.xcassets in Resources */ = {isa = PBXBuildFile; fileRef = ABBC4DF3290B467800453AA5 /* Assets.xcassets */; };
		ABBC4DF7290B467800453AA5 /* LaunchScreen.storyboard in Resources */ = {isa = PBXBuildFile; fileRef = ABBC4DF5290B467800453AA5 /* LaunchScreen.storyboard */; };
		ABBC4E042911506300453AA5 /* QuestionGroupData.json in Resources */ = {isa = PBXBuildFile; fileRef = ABBC4E032911506300453AA5 /* QuestionGroupData.json */; };
		ABBC4E09291315CE00453AA5 /* DiskCaretaker.swift in Sources */ = {isa = PBXBuildFile; fileRef = ABBC4E08291315CE00453AA5 /* DiskCaretaker.swift */; };
		ABC9B98529A523B20057A84D /* QuestionViewController.swift.swift in Sources */ = {isa = PBXBuildFile; fileRef = ABC9B98429A523B20057A84D /* QuestionViewController.swift.swift */; };
/* End PBXBuildFile section */

/* Begin PBXFileReference section */
		AB2F54022919C88400AFE834 /* Question.swift */ = {isa = PBXFileReference; lastKnownFileType = sourcecode.swift; path = Question.swift; sourceTree = "<group>"; };
		AB2F5404291BBBCF00AFE834 /* QuestionGroupCaretaker.swift */ = {isa = PBXFileReference; lastKnownFileType = sourcecode.swift; path = QuestionGroupCaretaker.swift; sourceTree = "<group>"; };
		AB2F5406291BBD0100AFE834 /* QuestionGroup.swift */ = {isa = PBXFileReference; lastKnownFileType = sourcecode.swift; path = QuestionGroup.swift; sourceTree = "<group>"; };
		AB2F5408291C594F00AFE834 /* Error.swift */ = {isa = PBXFileReference; lastKnownFileType = sourcecode.swift; path = Error.swift; sourceTree = "<group>"; };
		AB2F540A292FF8E100AFE834 /* QuestionGroupCell.swift */ = {isa = PBXFileReference; lastKnownFileType = sourcecode.swift; path = QuestionGroupCell.swift; sourceTree = "<group>"; };
		AB2F540E2951CDC100AFE834 /* QuestionView.swift */ = {isa = PBXFileReference; lastKnownFileType = sourcecode.swift; path = QuestionView.swift; sourceTree = "<group>"; };
		AB51A66629B7A6C4000E1C1E /* QuestionViewControllerDelegate.swift */ = {isa = PBXFileReference; lastKnownFileType = sourcecode.swift; path = QuestionViewControllerDelegate.swift; sourceTree = "<group>"; };
		AB51A66829B918EC000E1C1E /* ImageRenderer.swift */ = {isa = PBXFileReference; lastKnownFileType = sourcecode.swift; path = ImageRenderer.swift; sourceTree = "<group>"; };
		AB51A66B29BCD3E6000E1C1E /* QuestionStrategy.swift */ = {isa = PBXFileReference; lastKnownFileType = sourcecode.swift; path = QuestionStrategy.swift; sourceTree = "<group>"; };
		AB51A66D29BCE1DC000E1C1E /* SequentialQuestionStrateg.swift */ = {isa = PBXFileReference; lastKnownFileType = sourcecode.swift; path = SequentialQuestionStrateg.swift; sourceTree = "<group>"; };
		AB51A66F29BCE520000E1C1E /* RandomQuestionStrategy.swift */ = {isa = PBXFileReference; lastKnownFileType = sourcecode.swift; path = RandomQuestionStrategy.swift; sourceTree = "<group>"; };
		AB51A67129BE0FCB000E1C1E /* AppSettings.swift */ = {isa = PBXFileReference; lastKnownFileType = sourcecode.swift; path = AppSettings.swift; sourceTree = "<group>"; };
		AB51A67429BE6898000E1C1E /* AppSettingsViewController.swift */ = {isa = PBXFileReference; lastKnownFileType = sourcecode.swift; path = AppSettingsViewController.swift; sourceTree = "<group>"; };
		AB51A67629BE6B1D000E1C1E /* UITableViewDataSource+UITableViewDelegate.swift */ = {isa = PBXFileReference; lastKnownFileType = sourcecode.swift; path = "UITableViewDataSource+UITableViewDelegate.swift"; sourceTree = "<group>"; };
		AB51A67829C2178C000E1C1E /* BaseQuestionStrategy.swift */ = {isa = PBXFileReference; lastKnownFileType = sourcecode.swift; path = BaseQuestionStrategy.swift; sourceTree = "<group>"; };
		AB6C6A602976F5DD003BDE89 /* FlipPresentAnimationController.swift */ = {isa = PBXFileReference; lastKnownFileType = sourcecode.swift; path = FlipPresentAnimationController.swift; sourceTree = "<group>"; };
		AB6C6A632979A8A7003BDE89 /* AnimationHelper.swift */ = {isa = PBXFileReference; lastKnownFileType = sourcecode.swift; path = AnimationHelper.swift; sourceTree = "<group>"; };
		AB6C6A65297FDCF1003BDE89 /* FadePushAnimator.swift */ = {isa = PBXFileReference; lastKnownFileType = sourcecode.swift; path = FadePushAnimator.swift; sourceTree = "<group>"; };
		AB6C6A68299CFDAB003BDE89 /* TableViewDataSource+TableViewDelegate.swift */ = {isa = PBXFileReference; lastKnownFileType = sourcecode.swift; path = "TableViewDataSource+TableViewDelegate.swift"; sourceTree = "<group>"; };
		AB6C6A6A299E82CE003BDE89 /* UINavigationControllerDelegate.swift */ = {isa = PBXFileReference; lastKnownFileType = sourcecode.swift; path = UINavigationControllerDelegate.swift; sourceTree = "<group>"; };
		ABBC4DE7290B467700453AA5 /* Linguarium.app */ = {isa = PBXFileReference; explicitFileType = wrapper.application; includeInIndex = 0; path = Linguarium.app; sourceTree = BUILT_PRODUCTS_DIR; };
		ABBC4DEA290B467700453AA5 /* AppDelegate.swift */ = {isa = PBXFileReference; lastKnownFileType = sourcecode.swift; path = AppDelegate.swift; sourceTree = "<group>"; };
		ABBC4DEC290B467700453AA5 /* SceneDelegate.swift */ = {isa = PBXFileReference; lastKnownFileType = sourcecode.swift; path = SceneDelegate.swift; sourceTree = "<group>"; };
		ABBC4DEE290B467700453AA5 /* ViewController.swift */ = {isa = PBXFileReference; lastKnownFileType = sourcecode.swift; path = ViewController.swift; sourceTree = "<group>"; };
		ABBC4DF3290B467800453AA5 /* Assets.xcassets */ = {isa = PBXFileReference; lastKnownFileType = folder.assetcatalog; path = Assets.xcassets; sourceTree = "<group>"; };
		ABBC4DF6290B467800453AA5 /* Base */ = {isa = PBXFileReference; lastKnownFileType = file.storyboard; name = Base; path = Base.lproj/LaunchScreen.storyboard; sourceTree = "<group>"; };
		ABBC4DF8290B467800453AA5 /* Info.plist */ = {isa = PBXFileReference; lastKnownFileType = text.plist.xml; path = Info.plist; sourceTree = "<group>"; };
		ABBC4E032911506300453AA5 /* QuestionGroupData.json */ = {isa = PBXFileReference; lastKnownFileType = text.json; path = QuestionGroupData.json; sourceTree = "<group>"; };
		ABBC4E08291315CE00453AA5 /* DiskCaretaker.swift */ = {isa = PBXFileReference; lastKnownFileType = sourcecode.swift; path = DiskCaretaker.swift; sourceTree = "<group>"; };
		ABC9B98429A523B20057A84D /* QuestionViewController.swift.swift */ = {isa = PBXFileReference; lastKnownFileType = sourcecode.swift; path = QuestionViewController.swift.swift; sourceTree = "<group>"; };
/* End PBXFileReference section */

/* Begin PBXFrameworksBuildPhase section */
		ABBC4DE4290B467700453AA5 /* Frameworks */ = {
			isa = PBXFrameworksBuildPhase;
			buildActionMask = 2147483647;
			files = (
			);
			runOnlyForDeploymentPostprocessing = 0;
		};
/* End PBXFrameworksBuildPhase section */

/* Begin PBXGroup section */
		AB51A66A29BCD1D0000E1C1E /* Strategies */ = {
			isa = PBXGroup;
			children = (
				AB51A66B29BCD3E6000E1C1E /* QuestionStrategy.swift */,
				AB51A66D29BCE1DC000E1C1E /* SequentialQuestionStrateg.swift */,
				AB51A66F29BCE520000E1C1E /* RandomQuestionStrategy.swift */,
				AB51A67829C2178C000E1C1E /* BaseQuestionStrategy.swift */,
			);
			path = Strategies;
			sourceTree = "<group>";
		};
		AB51A67329BE6880000E1C1E /* AppSettingsViewController.swiftAppSettingsViewController */ = {
			isa = PBXGroup;
			children = (
				AB51A67429BE6898000E1C1E /* AppSettingsViewController.swift */,
				AB51A67629BE6B1D000E1C1E /* UITableViewDataSource+UITableViewDelegate.swift */,
			);
			path = AppSettingsViewController.swiftAppSettingsViewController;
			sourceTree = "<group>";
		};
		AB6C6A5F2976F44A003BDE89 /* Animation controllers  */ = {
			isa = PBXGroup;
			children = (
				AB6C6A602976F5DD003BDE89 /* FlipPresentAnimationController.swift */,
				AB6C6A65297FDCF1003BDE89 /* FadePushAnimator.swift */,
			);
			path = "Animation controllers ";
			sourceTree = "<group>";
		};
		AB6C6A622979A806003BDE89 /* Helpers */ = {
			isa = PBXGroup;
			children = (
				AB6C6A632979A8A7003BDE89 /* AnimationHelper.swift */,
				AB51A66829B918EC000E1C1E /* ImageRenderer.swift */,
			);
			path = Helpers;
			sourceTree = "<group>";
		};
		AB6C6A67299CFD73003BDE89 /* ViewController */ = {
			isa = PBXGroup;
			children = (
				ABBC4DEE290B467700453AA5 /* ViewController.swift */,
				AB6C6A68299CFDAB003BDE89 /* TableViewDataSource+TableViewDelegate.swift */,
				AB6C6A6A299E82CE003BDE89 /* UINavigationControllerDelegate.swift */,
				AB51A66629B7A6C4000E1C1E /* QuestionViewControllerDelegate.swift */,
			);
			path = ViewController;
			sourceTree = "<group>";
		};
		AB6C6A6C29A52081003BDE89 /* QuestionViewControllerQuestionViewController */ = {
			isa = PBXGroup;
			children = (
				ABC9B98429A523B20057A84D /* QuestionViewController.swift.swift */,
			);
			path = QuestionViewControllerQuestionViewController;
			sourceTree = "<group>";
		};
		ABBC4DDE290B467700453AA5 = {
			isa = PBXGroup;
			children = (
				ABBC4DE9290B467700453AA5 /* Linguarium */,
				ABBC4DE8290B467700453AA5 /* Products */,
			);
			sourceTree = "<group>";
		};
		ABBC4DE8290B467700453AA5 /* Products */ = {
			isa = PBXGroup;
			children = (
				ABBC4DE7290B467700453AA5 /* Linguarium.app */,
			);
			name = Products;
			sourceTree = "<group>";
		};
		ABBC4DE9290B467700453AA5 /* Linguarium */ = {
			isa = PBXGroup;
			children = (
				AB6C6A5F2976F44A003BDE89 /* Animation controllers  */,
				ABBC4DEA290B467700453AA5 /* AppDelegate.swift */,
				ABBC4E0729116E1700453AA5 /* CareTakers */,
				ABBC4DFE2911474700453AA5 /* Controllers */,
				ABBC4DFF291147A700453AA5 /* Data */,
				AB6C6A622979A806003BDE89 /* Helpers */,
				ABBC4E00291147BA00453AA5 /* Model */,
				ABBC4DEC290B467700453AA5 /* SceneDelegate.swift */,
				AB51A66A29BCD1D0000E1C1E /* Strategies */,
				ABBC4E052911508A00453AA5 /* Supporting Files */,
				ABBC4E06291150D800453AA5 /* Views */,
			);
			path = Linguarium;
			sourceTree = "<group>";
		};
		ABBC4DFE2911474700453AA5 /* Controllers */ = {
			isa = PBXGroup;
			children = (
				AB51A67329BE6880000E1C1E /* AppSettingsViewController.swiftAppSettingsViewController */,
				AB6C6A6C29A52081003BDE89 /* QuestionViewControllerQuestionViewController */,
				AB6C6A67299CFD73003BDE89 /* ViewController */,
			);
			path = Controllers;
			sourceTree = "<group>";
		};
		ABBC4DFF291147A700453AA5 /* Data */ = {
			isa = PBXGroup;
			children = (
			);
			path = Data;
			sourceTree = "<group>";
		};
		ABBC4E00291147BA00453AA5 /* Model */ = {
			isa = PBXGroup;
			children = (
				AB2F54022919C88400AFE834 /* Question.swift */,
				AB2F5406291BBD0100AFE834 /* QuestionGroup.swift */,
				AB51A67129BE0FCB000E1C1E /* AppSettings.swift */,
			);
			path = Model;
			sourceTree = "<group>";
		};
		ABBC4E052911508A00453AA5 /* Supporting Files */ = {
			isa = PBXGroup;
			children = (
				ABBC4E032911506300453AA5 /* QuestionGroupData.json */,
				ABBC4DF8290B467800453AA5 /* Info.plist */,
				ABBC4DF3290B467800453AA5 /* Assets.xcassets */,
			);
			path = "Supporting Files";
			sourceTree = "<group>";
		};
		ABBC4E06291150D800453AA5 /* Views */ = {
			isa = PBXGroup;
			children = (
				ABBC4DF5290B467800453AA5 /* LaunchScreen.storyboard */,
				AB2F540A292FF8E100AFE834 /* QuestionGroupCell.swift */,
				AB2F540E2951CDC100AFE834 /* QuestionView.swift */,
			);
			path = Views;
			sourceTree = "<group>";
		};
		ABBC4E0729116E1700453AA5 /* CareTakers */ = {
			isa = PBXGroup;
			children = (
				ABBC4E08291315CE00453AA5 /* DiskCaretaker.swift */,
				AB2F5408291C594F00AFE834 /* Error.swift */,
				AB2F5404291BBBCF00AFE834 /* QuestionGroupCaretaker.swift */,
			);
			path = CareTakers;
			sourceTree = "<group>";
		};
/* End PBXGroup section */

/* Begin PBXNativeTarget section */
		ABBC4DE6290B467700453AA5 /* Linguarium */ = {
			isa = PBXNativeTarget;
			buildConfigurationList = ABBC4DFB290B467800453AA5 /* Build configuration list for PBXNativeTarget "Linguarium" */;
			buildPhases = (
				ABBC4DE3290B467700453AA5 /* Sources */,
				ABBC4DE4290B467700453AA5 /* Frameworks */,
				ABBC4DE5290B467700453AA5 /* Resources */,
			);
			buildRules = (
			);
			dependencies = (
			);
			name = Linguarium;
			productName = Linguarium;
			productReference = ABBC4DE7290B467700453AA5 /* Linguarium.app */;
			productType = "com.apple.product-type.application";
		};
/* End PBXNativeTarget section */

/* Begin PBXProject section */
		ABBC4DDF290B467700453AA5 /* Project object */ = {
			isa = PBXProject;
			attributes = {
				BuildIndependentTargetsInParallel = 1;
				LastSwiftUpdateCheck = 1340;
				LastUpgradeCheck = 1340;
				TargetAttributes = {
					ABBC4DE6290B467700453AA5 = {
						CreatedOnToolsVersion = 13.4.1;
					};
				};
			};
			buildConfigurationList = ABBC4DE2290B467700453AA5 /* Build configuration list for PBXProject "Linguarium" */;
			compatibilityVersion = "Xcode 13.0";
			developmentRegion = en;
			hasScannedForEncodings = 0;
			knownRegions = (
				en,
				Base,
			);
			mainGroup = ABBC4DDE290B467700453AA5;
			productRefGroup = ABBC4DE8290B467700453AA5 /* Products */;
			projectDirPath = "";
			projectRoot = "";
			targets = (
				ABBC4DE6290B467700453AA5 /* Linguarium */,
			);
		};
/* End PBXProject section */

/* Begin PBXResourcesBuildPhase section */
		ABBC4DE5290B467700453AA5 /* Resources */ = {
			isa = PBXResourcesBuildPhase;
			buildActionMask = 2147483647;
			files = (
				ABBC4E042911506300453AA5 /* QuestionGroupData.json in Resources */,
				ABBC4DF7290B467800453AA5 /* LaunchScreen.storyboard in Resources */,
				ABBC4DF4290B467800453AA5 /* Assets.xcassets in Resources */,
			);
			runOnlyForDeploymentPostprocessing = 0;
		};
/* End PBXResourcesBuildPhase section */

/* Begin PBXSourcesBuildPhase section */
		ABBC4DE3290B467700453AA5 /* Sources */ = {
			isa = PBXSourcesBuildPhase;
			buildActionMask = 2147483647;
			files = (
				AB2F5405291BBBCF00AFE834 /* QuestionGroupCaretaker.swift in Sources */,
				AB2F54032919C88400AFE834 /* Question.swift in Sources */,
				ABBC4DEF290B467700453AA5 /* ViewController.swift in Sources */,
				AB51A66E29BCE1DC000E1C1E /* SequentialQuestionStrateg.swift in Sources */,
				AB6C6A612976F5DD003BDE89 /* FlipPresentAnimationController.swift in Sources */,
				AB2F5407291BBD0100AFE834 /* QuestionGroup.swift in Sources */,
				ABC9B98529A523B20057A84D /* QuestionViewController.swift.swift in Sources */,
				AB6C6A6B299E82CE003BDE89 /* UINavigationControllerDelegate.swift in Sources */,
				ABBC4DEB290B467700453AA5 /* AppDelegate.swift in Sources */,
				AB6C6A66297FDCF1003BDE89 /* FadePushAnimator.swift in Sources */,
				AB51A67729BE6B1D000E1C1E /* UITableViewDataSource+UITableViewDelegate.swift in Sources */,
				AB2F540B292FF8E100AFE834 /* QuestionGroupCell.swift in Sources */,
				AB6C6A69299CFDAB003BDE89 /* TableViewDataSource+TableViewDelegate.swift in Sources */,
				AB51A66C29BCD3E6000E1C1E /* QuestionStrategy.swift in Sources */,
				AB51A67529BE6898000E1C1E /* AppSettingsViewController.swift in Sources */,
				AB2F540F2951CDC100AFE834 /* QuestionView.swift in Sources */,
				AB2F5409291C594F00AFE834 /* Error.swift in Sources */,
				ABBC4DED290B467700453AA5 /* SceneDelegate.swift in Sources */,
				AB51A67029BCE520000E1C1E /* RandomQuestionStrategy.swift in Sources */,
				AB6C6A642979A8A7003BDE89 /* AnimationHelper.swift in Sources */,
				AB51A67229BE0FCB000E1C1E /* AppSettings.swift in Sources */,
				AB51A67929C2178C000E1C1E /* BaseQuestionStrategy.swift in Sources */,
				AB51A66729B7A6C4000E1C1E /* QuestionViewControllerDelegate.swift in Sources */,
				AB51A66929B918EC000E1C1E /* ImageRenderer.swift in Sources */,
				ABBC4E09291315CE00453AA5 /* DiskCaretaker.swift in Sources */,
			);
			runOnlyForDeploymentPostprocessing = 0;
		};
/* End PBXSourcesBuildPhase section */

/* Begin PBXVariantGroup section */
		ABBC4DF5290B467800453AA5 /* LaunchScreen.storyboard */ = {
			isa = PBXVariantGroup;
			children = (
				ABBC4DF6290B467800453AA5 /* Base */,
			);
			name = LaunchScreen.storyboard;
			sourceTree = "<group>";
		};
/* End PBXVariantGroup section */

/* Begin XCBuildConfiguration section */
		ABBC4DF9290B467800453AA5 /* Debug */ = {
			isa = XCBuildConfiguration;
			buildSettings = {
				ALWAYS_SEARCH_USER_PATHS = NO;
				CLANG_ANALYZER_NONNULL = YES;
				CLANG_ANALYZER_NUMBER_OBJECT_CONVERSION = YES_AGGRESSIVE;
				CLANG_CXX_LANGUAGE_STANDARD = "gnu++17";
				CLANG_ENABLE_MODULES = YES;
				CLANG_ENABLE_OBJC_ARC = YES;
				CLANG_ENABLE_OBJC_WEAK = YES;
				CLANG_WARN_BLOCK_CAPTURE_AUTORELEASING = YES;
				CLANG_WARN_BOOL_CONVERSION = YES;
				CLANG_WARN_COMMA = YES;
				CLANG_WARN_CONSTANT_CONVERSION = YES;
				CLANG_WARN_DEPRECATED_OBJC_IMPLEMENTATIONS = YES;
				CLANG_WARN_DIRECT_OBJC_ISA_USAGE = YES_ERROR;
				CLANG_WARN_DOCUMENTATION_COMMENTS = YES;
				CLANG_WARN_EMPTY_BODY = YES;
				CLANG_WARN_ENUM_CONVERSION = YES;
				CLANG_WARN_INFINITE_RECURSION = YES;
				CLANG_WARN_INT_CONVERSION = YES;
				CLANG_WARN_NON_LITERAL_NULL_CONVERSION = YES;
				CLANG_WARN_OBJC_IMPLICIT_RETAIN_SELF = YES;
				CLANG_WARN_OBJC_LITERAL_CONVERSION = YES;
				CLANG_WARN_OBJC_ROOT_CLASS = YES_ERROR;
				CLANG_WARN_QUOTED_INCLUDE_IN_FRAMEWORK_HEADER = YES;
				CLANG_WARN_RANGE_LOOP_ANALYSIS = YES;
				CLANG_WARN_STRICT_PROTOTYPES = YES;
				CLANG_WARN_SUSPICIOUS_MOVE = YES;
				CLANG_WARN_UNGUARDED_AVAILABILITY = YES_AGGRESSIVE;
				CLANG_WARN_UNREACHABLE_CODE = YES;
				CLANG_WARN__DUPLICATE_METHOD_MATCH = YES;
				COPY_PHASE_STRIP = NO;
				DEBUG_INFORMATION_FORMAT = dwarf;
				ENABLE_STRICT_OBJC_MSGSEND = YES;
				ENABLE_TESTABILITY = YES;
				GCC_C_LANGUAGE_STANDARD = gnu11;
				GCC_DYNAMIC_NO_PIC = NO;
				GCC_NO_COMMON_BLOCKS = YES;
				GCC_OPTIMIZATION_LEVEL = 0;
				GCC_PREPROCESSOR_DEFINITIONS = (
					"DEBUG=1",
					"$(inherited)",
				);
				GCC_WARN_64_TO_32_BIT_CONVERSION = YES;
				GCC_WARN_ABOUT_RETURN_TYPE = YES_ERROR;
				GCC_WARN_UNDECLARED_SELECTOR = YES;
				GCC_WARN_UNINITIALIZED_AUTOS = YES_AGGRESSIVE;
				GCC_WARN_UNUSED_FUNCTION = YES;
				GCC_WARN_UNUSED_VARIABLE = YES;
				IPHONEOS_DEPLOYMENT_TARGET = 15.5;
				MTL_ENABLE_DEBUG_INFO = INCLUDE_SOURCE;
				MTL_FAST_MATH = YES;
				ONLY_ACTIVE_ARCH = YES;
				SDKROOT = iphoneos;
				SWIFT_ACTIVE_COMPILATION_CONDITIONS = DEBUG;
				SWIFT_OPTIMIZATION_LEVEL = "-Onone";
			};
			name = Debug;
		};
		ABBC4DFA290B467800453AA5 /* Release */ = {
			isa = XCBuildConfiguration;
			buildSettings = {
				ALWAYS_SEARCH_USER_PATHS = NO;
				CLANG_ANALYZER_NONNULL = YES;
				CLANG_ANALYZER_NUMBER_OBJECT_CONVERSION = YES_AGGRESSIVE;
				CLANG_CXX_LANGUAGE_STANDARD = "gnu++17";
				CLANG_ENABLE_MODULES = YES;
				CLANG_ENABLE_OBJC_ARC = YES;
				CLANG_ENABLE_OBJC_WEAK = YES;
				CLANG_WARN_BLOCK_CAPTURE_AUTORELEASING = YES;
				CLANG_WARN_BOOL_CONVERSION = YES;
				CLANG_WARN_COMMA = YES;
				CLANG_WARN_CONSTANT_CONVERSION = YES;
				CLANG_WARN_DEPRECATED_OBJC_IMPLEMENTATIONS = YES;
				CLANG_WARN_DIRECT_OBJC_ISA_USAGE = YES_ERROR;
				CLANG_WARN_DOCUMENTATION_COMMENTS = YES;
				CLANG_WARN_EMPTY_BODY = YES;
				CLANG_WARN_ENUM_CONVERSION = YES;
				CLANG_WARN_INFINITE_RECURSION = YES;
				CLANG_WARN_INT_CONVERSION = YES;
				CLANG_WARN_NON_LITERAL_NULL_CONVERSION = YES;
				CLANG_WARN_OBJC_IMPLICIT_RETAIN_SELF = YES;
				CLANG_WARN_OBJC_LITERAL_CONVERSION = YES;
				CLANG_WARN_OBJC_ROOT_CLASS = YES_ERROR;
				CLANG_WARN_QUOTED_INCLUDE_IN_FRAMEWORK_HEADER = YES;
				CLANG_WARN_RANGE_LOOP_ANALYSIS = YES;
				CLANG_WARN_STRICT_PROTOTYPES = YES;
				CLANG_WARN_SUSPICIOUS_MOVE = YES;
				CLANG_WARN_UNGUARDED_AVAILABILITY = YES_AGGRESSIVE;
				CLANG_WARN_UNREACHABLE_CODE = YES;
				CLANG_WARN__DUPLICATE_METHOD_MATCH = YES;
				COPY_PHASE_STRIP = NO;
				DEBUG_INFORMATION_FORMAT = "dwarf-with-dsym";
				ENABLE_NS_ASSERTIONS = NO;
				ENABLE_STRICT_OBJC_MSGSEND = YES;
				GCC_C_LANGUAGE_STANDARD = gnu11;
				GCC_NO_COMMON_BLOCKS = YES;
				GCC_WARN_64_TO_32_BIT_CONVERSION = YES;
				GCC_WARN_ABOUT_RETURN_TYPE = YES_ERROR;
				GCC_WARN_UNDECLARED_SELECTOR = YES;
				GCC_WARN_UNINITIALIZED_AUTOS = YES_AGGRESSIVE;
				GCC_WARN_UNUSED_FUNCTION = YES;
				GCC_WARN_UNUSED_VARIABLE = YES;
				IPHONEOS_DEPLOYMENT_TARGET = 15.5;
				MTL_ENABLE_DEBUG_INFO = NO;
				MTL_FAST_MATH = YES;
				SDKROOT = iphoneos;
				SWIFT_COMPILATION_MODE = wholemodule;
				SWIFT_OPTIMIZATION_LEVEL = "-O";
				VALIDATE_PRODUCT = YES;
			};
			name = Release;
		};
		ABBC4DFC290B467800453AA5 /* Debug */ = {
			isa = XCBuildConfiguration;
			buildSettings = {
				ASSETCATALOG_COMPILER_APPICON_NAME = AppIcon;
				ASSETCATALOG_COMPILER_GLOBAL_ACCENT_COLOR_NAME = AccentColor;
				CODE_SIGN_STYLE = Automatic;
				CURRENT_PROJECT_VERSION = 1;
				DEVELOPMENT_TEAM = 5W5GK95Q25;
				GENERATE_INFOPLIST_FILE = YES;
				INFOPLIST_FILE = "Linguarium/Supporting Files/Info.plist";
				INFOPLIST_KEY_UIApplicationSupportsIndirectInputEvents = YES;
				INFOPLIST_KEY_UILaunchStoryboardName = LaunchScreen;
				INFOPLIST_KEY_UISupportedInterfaceOrientations_iPad = "UIInterfaceOrientationPortrait UIInterfaceOrientationPortraitUpsideDown UIInterfaceOrientationLandscapeLeft UIInterfaceOrientationLandscapeRight";
				INFOPLIST_KEY_UISupportedInterfaceOrientations_iPhone = "UIInterfaceOrientationPortrait UIInterfaceOrientationLandscapeLeft UIInterfaceOrientationLandscapeRight";
				LD_RUNPATH_SEARCH_PATHS = (
					"$(inherited)",
					"@executable_path/Frameworks",
				);
				MARKETING_VERSION = 1.0;
				PRODUCT_BUNDLE_IDENTIFIER = com.raidenyamato.Linguarium;
				PRODUCT_NAME = "$(TARGET_NAME)";
				SWIFT_EMIT_LOC_STRINGS = YES;
				SWIFT_VERSION = 5.0;
				TARGETED_DEVICE_FAMILY = "1,2";
			};
			name = Debug;
		};
		ABBC4DFD290B467800453AA5 /* Release */ = {
			isa = XCBuildConfiguration;
			buildSettings = {
				ASSETCATALOG_COMPILER_APPICON_NAME = AppIcon;
				ASSETCATALOG_COMPILER_GLOBAL_ACCENT_COLOR_NAME = AccentColor;
				CODE_SIGN_STYLE = Automatic;
				CURRENT_PROJECT_VERSION = 1;
				DEVELOPMENT_TEAM = 5W5GK95Q25;
				GENERATE_INFOPLIST_FILE = YES;
				INFOPLIST_FILE = "Linguarium/Supporting Files/Info.plist";
				INFOPLIST_KEY_UIApplicationSupportsIndirectInputEvents = YES;
				INFOPLIST_KEY_UILaunchStoryboardName = LaunchScreen;
				INFOPLIST_KEY_UISupportedInterfaceOrientations_iPad = "UIInterfaceOrientationPortrait UIInterfaceOrientationPortraitUpsideDown UIInterfaceOrientationLandscapeLeft UIInterfaceOrientationLandscapeRight";
				INFOPLIST_KEY_UISupportedInterfaceOrientations_iPhone = "UIInterfaceOrientationPortrait UIInterfaceOrientationLandscapeLeft UIInterfaceOrientationLandscapeRight";
				LD_RUNPATH_SEARCH_PATHS = (
					"$(inherited)",
					"@executable_path/Frameworks",
				);
				MARKETING_VERSION = 1.0;
				PRODUCT_BUNDLE_IDENTIFIER = com.raidenyamato.Linguarium;
				PRODUCT_NAME = "$(TARGET_NAME)";
				SWIFT_EMIT_LOC_STRINGS = YES;
				SWIFT_VERSION = 5.0;
				TARGETED_DEVICE_FAMILY = "1,2";
			};
			name = Release;
		};
/* End XCBuildConfiguration section */

/* Begin XCConfigurationList section */
		ABBC4DE2290B467700453AA5 /* Build configuration list for PBXProject "Linguarium" */ = {
			isa = XCConfigurationList;
			buildConfigurations = (
				ABBC4DF9290B467800453AA5 /* Debug */,
				ABBC4DFA290B467800453AA5 /* Release */,
			);
			defaultConfigurationIsVisible = 0;
			defaultConfigurationName = Release;
		};
		ABBC4DFB290B467800453AA5 /* Build configuration list for PBXNativeTarget "Linguarium" */ = {
			isa = XCConfigurationList;
			buildConfigurations = (
				ABBC4DFC290B467800453AA5 /* Debug */,
				ABBC4DFD290B467800453AA5 /* Release */,
			);
			defaultConfigurationIsVisible = 0;
			defaultConfigurationName = Release;
		};
/* End XCConfigurationList section */
	};
	rootObject = ABBC4DDF290B467700453AA5 /* Project object */;
}
